// !$*UTF8*$!
{
	archiveVersion = 1;
	classes = {
	};
	objectVersion = 77;
	objects = {

/* Begin PBXBuildFile section */
		444821F7303B057E00ABA8A4 /* .gitignore in Resources */ = {isa = PBXBuildFile; fileRef = 444821F6303B057E00ABA8A4 /* .gitignore */; };
		444822AD303B17E100ABA8A4 /* FirebaseAnalytics in Frameworks */ = {isa = PBXBuildFile; productRef = 444822AC303B17E100ABA8A4 /* FirebaseAnalytics */; };
		444822AF303B17E100ABA8A4 /* FirebaseAnalyticsCore in Frameworks */ = {isa = PBXBuildFile; productRef = 444822AE303B17E100ABA8A4 /* FirebaseAnalyticsCore */; };
		444822B1303B17E100ABA8A4 /* FirebaseAnalyticsIdentitySupport in Frameworks */ = {isa = PBXBuildFile; productRef = 444822B0303B17E100ABA8A4 /* FirebaseAnalyticsIdentitySupport */; };
		444822B3303B17E100ABA8A4 /* FirebaseCore in Frameworks */ = {isa = PBXBuildFile; productRef = 444822B2303B17E100ABA8A4 /* FirebaseCore */; };
		444822B5303B17E100ABA8A4 /* FirebaseCrashlytics in Frameworks */ = {isa = PBXBuildFile; productRef = 444822B4303B17E100ABA8A4 /* FirebaseCrashlytics */; };
		444822B7303B17E100ABA8A4 /* FirebaseMessaging in Frameworks */ = {isa = PBXBuildFile; productRef = 444822B6303B17E100ABA8A4 /* FirebaseMessaging */; };
		4450A8D23040607E000808D2 /* ComposableArchitecture in Frameworks */ = {isa = PBXBuildFile; productRef = 4450A8D13040607E000808D2 /* ComposableArchitecture */; };
		4450A8D530406098000808D2 /* Alamofire in Frameworks */ = {isa = PBXBuildFile; productRef = 4450A8D430406098000808D2 /* Alamofire */; };
/* End PBXBuildFile section */

/* Begin PBXContainerItemProxy section */
		444821DA303B038700ABA8A4 /* PBXContainerItemProxy */ = {
			isa = PBXContainerItemProxy;
			containerPortal = 444821C4303B038500ABA8A4 /* Project object */;
			proxyType = 1;
			remoteGlobalIDString = 444821CB303B038500ABA8A4;
			remoteInfo = FinQ;
		};
		444821E4303B038700ABA8A4 /* PBXContainerItemProxy */ = {
			isa = PBXContainerItemProxy;
			containerPortal = 444821C4303B038500ABA8A4 /* Project object */;
			proxyType = 1;
			remoteGlobalIDString = 444821CB303B038500ABA8A4;
			remoteInfo = FinQ;
		};
/* End PBXContainerItemProxy section */

/* Begin PBXFileReference section */
		444821CC303B038500ABA8A4 /* FinQ.app */ = {isa = PBXFileReference; explicitFileType = wrapper.application; includeInIndex = 0; path = FinQ.app; sourceTree = BUILT_PRODUCTS_DIR; };
		444821D9303B038700ABA8A4 /* FinQTests.xctest */ = {isa = PBXFileReference; explicitFileType = wrapper.cfbundle; includeInIndex = 0; path = FinQTests.xctest; sourceTree = BUILT_PRODUCTS_DIR; };
		444821E3303B038700ABA8A4 /* FinQUITests.xctest */ = {isa = PBXFileReference; explicitFileType = wrapper.cfbundle; includeInIndex = 0; path = FinQUITests.xctest; sourceTree = BUILT_PRODUCTS_DIR; };
		444821F6303B057E00ABA8A4 /* .gitignore */ = {isa = PBXFileReference; lastKnownFileType = text; path = .gitignore; sourceTree = "<group>"; };
/* End PBXFileReference section */

/* Begin PBXFileSystemSynchronizedBuildFileExceptionSet section */
		444B43BE3045896100D922DD /* Exceptions for "FinQ" folder in "FinQ" target */ = {
			isa = PBXFileSystemSynchronizedBuildFileExceptionSet;
			membershipExceptions = (
				Info.plist,
			);
			target = 444821CB303B038500ABA8A4 /* FinQ */;
		};
/* End PBXFileSystemSynchronizedBuildFileExceptionSet section */

/* Begin PBXFileSystemSynchronizedRootGroup section */
		444821CE303B038500ABA8A4 /* FinQ */ = {
			isa = PBXFileSystemSynchronizedRootGroup;
			exceptions = (
				444B43BE3045896100D922DD /* Exceptions for "FinQ" folder in "FinQ" target */,
			);
			path = FinQ;
			sourceTree = "<group>";
		};
		444821DC303B038700ABA8A4 /* FinQTests */ = {
			isa = PBXFileSystemSynchronizedRootGroup;
			path = FinQTests;
			sourceTree = "<group>";
		};
		444821E6303B038700ABA8A4 /* FinQUITests */ = {
			isa = PBXFileSystemSynchronizedRootGroup;
			path = FinQUITests;
			sourceTree = "<group>";
		};
/* End PBXFileSystemSynchronizedRootGroup section */

/* Begin PBXFrameworksBuildPhase section */
		444821C9303B038500ABA8A4 /* Frameworks */ = {
			isa = PBXFrameworksBuildPhase;
			buildActionMask = 2147483647;
			files = (
				444822B7303B17E100ABA8A4 /* FirebaseMessaging in Frameworks */,
				4450A8D530406098000808D2 /* Alamofire in Frameworks */,
				444822AD303B17E100ABA8A4 /* FirebaseAnalytics in Frameworks */,
				4450A8D23040607E000808D2 /* ComposableArchitecture in Frameworks */,
				444822AF303B17E100ABA8A4 /* FirebaseAnalyticsCore in Frameworks */,
				444822B5303B17E100ABA8A4 /* FirebaseCrashlytics in Frameworks */,
				444822B3303B17E100ABA8A4 /* FirebaseCore in Frameworks */,
				444822B1303B17E100ABA8A4 /* FirebaseAnalyticsIdentitySupport in Frameworks */,
			);
			runOnlyForDeploymentPostprocessing = 0;
		};
		444821D6303B038700ABA8A4 /* Frameworks */ = {
			isa = PBXFrameworksBuildPhase;
			buildActionMask = 2147483647;
			files = (
			);
			runOnlyForDeploymentPostprocessing = 0;
		};
		444821E0303B038700ABA8A4 /* Frameworks */ = {
			isa = PBXFrameworksBuildPhase;
			buildActionMask = 2147483647;
			files = (
			);
			runOnlyForDeploymentPostprocessing = 0;
		};
/* End PBXFrameworksBuildPhase section */

/* Begin PBXGroup section */
		444821C3303B038500ABA8A4 = {
			isa = PBXGroup;
			children = (
				444821F6303B057E00ABA8A4 /* .gitignore */,
				444821CE303B038500ABA8A4 /* FinQ */,
				444821DC303B038700ABA8A4 /* FinQTests */,
				444821E6303B038700ABA8A4 /* FinQUITests */,
				444821CD303B038500ABA8A4 /* Products */,
			);
			sourceTree = "<group>";
		};
		444821CD303B038500ABA8A4 /* Products */ = {
			isa = PBXGroup;
			children = (
				444821CC303B038500ABA8A4 /* FinQ.app */,
				444821D9303B038700ABA8A4 /* FinQTests.xctest */,
				444821E3303B038700ABA8A4 /* FinQUITests.xctest */,
			);
			name = Products;
			sourceTree = "<group>";
		};
/* End PBXGroup section */

/* Begin PBXNativeTarget section */
		444821CB303B038500ABA8A4 /* FinQ */ = {
			isa = PBXNativeTarget;
			buildConfigurationList = 444821ED303B038700ABA8A4 /* Build configuration list for PBXNativeTarget "FinQ" */;
			buildPhases = (
				444821C8303B038500ABA8A4 /* Sources */,
				444821C9303B038500ABA8A4 /* Frameworks */,
				444821CA303B038500ABA8A4 /* Resources */,
			);
			buildRules = (
			);
			dependencies = (
			);
			fileSystemSynchronizedGroups = (
				444821CE303B038500ABA8A4 /* FinQ */,
			);
			name = FinQ;
			packageProductDependencies = (
				444822AC303B17E100ABA8A4 /* FirebaseAnalytics */,
				444822AE303B17E100ABA8A4 /* FirebaseAnalyticsCore */,
				444822B0303B17E100ABA8A4 /* FirebaseAnalyticsIdentitySupport */,
				444822B2303B17E100ABA8A4 /* FirebaseCore */,
				444822B4303B17E100ABA8A4 /* FirebaseCrashlytics */,
				444822B6303B17E100ABA8A4 /* FirebaseMessaging */,
				4450A8D13040607E000808D2 /* ComposableArchitecture */,
				4450A8D430406098000808D2 /* Alamofire */,
			);
			productName = FinQ;
			productReference = 444821CC303B038500ABA8A4 /* FinQ.app */;
			productType = "com.apple.product-type.application";
		};
		444821D8303B038700ABA8A4 /* FinQTests */ = {
			isa = PBXNativeTarget;
			buildConfigurationList = 444821F0303B038700ABA8A4 /* Build configuration list for PBXNativeTarget "FinQTests" */;
			buildPhases = (
				444821D5303B038700ABA8A4 /* Sources */,
				444821D6303B038700ABA8A4 /* Frameworks */,
				444821D7303B038700ABA8A4 /* Resources */,
			);
			buildRules = (
			);
			dependencies = (
				444821DB303B038700ABA8A4 /* PBXTargetDependency */,
			);
			fileSystemSynchronizedGroups = (
				444821DC303B038700ABA8A4 /* FinQTests */,
			);
			name = FinQTests;
			packageProductDependencies = (
			);
			productName = FinQTests;
			productReference = 444821D9303B038700ABA8A4 /* FinQTests.xctest */;
			productType = "com.apple.product-type.bundle.unit-test";
		};
		444821E2303B038700ABA8A4 /* FinQUITests */ = {
			isa = PBXNativeTarget;
			buildConfigurationList = 444821F3303B038700ABA8A4 /* Build configuration list for PBXNativeTarget "FinQUITests" */;
			buildPhases = (
				444821DF303B038700ABA8A4 /* Sources */,
				444821E0303B038700ABA8A4 /* Frameworks */,
				444821E1303B038700ABA8A4 /* Resources */,
			);
			buildRules = (
			);
			dependencies = (
				444821E5303B038700ABA8A4 /* PBXTargetDependency */,
			);
			fileSystemSynchronizedGroups = (
				444821E6303B038700ABA8A4 /* FinQUITests */,
			);
			name = FinQUITests;
			packageProductDependencies = (
			);
			productName = FinQUITests;
			productReference = 444821E3303B038700ABA8A4 /* FinQUITests.xctest */;
			productType = "com.apple.product-type.bundle.ui-testing";
		};
/* End PBXNativeTarget section */

/* Begin PBXProject section */
		444821C4303B038500ABA8A4 /* Project object */ = {
			isa = PBXProject;
			attributes = {
				BuildIndependentTargetsInParallel = 1;
				LastSwiftUpdateCheck = 2660;
				LastUpgradeCheck = 2660;
				TargetAttributes = {
					444821CB303B038500ABA8A4 = {
						CreatedOnToolsVersion = 26.6;
					};
					444821D8303B038700ABA8A4 = {
						CreatedOnToolsVersion = 26.6;
						TestTargetID = 444821CB303B038500ABA8A4;
					};
					444821E2303B038700ABA8A4 = {
						CreatedOnToolsVersion = 26.6;
						TestTargetID = 444821CB303B038500ABA8A4;
					};
				};
			};
			buildConfigurationList = 444821C7303B038500ABA8A4 /* Build configuration list for PBXProject "FinQ" */;
			developmentRegion = en;
			hasScannedForEncodings = 0;
			knownRegions = (
				en,
				Base,
			);
			mainGroup = 444821C3303B038500ABA8A4;
			minimizedProjectReferenceProxies = 1;
			packageReferences = (
				444822AB303B17E100ABA8A4 /* XCRemoteSwiftPackageReference "firebase-ios-sdk" */,
				4450A8D03040607E000808D2 /* XCRemoteSwiftPackageReference "swift-composable-architecture" */,
				4450A8D330406098000808D2 /* XCRemoteSwiftPackageReference "Alamofire" */,
			);
			preferredProjectObjectVersion = 77;
			productRefGroup = 444821CD303B038500ABA8A4 /* Products */;
			projectDirPath = "";
			projectRoot = "";
			targets = (
				444821CB303B038500ABA8A4 /* FinQ */,
				444821D8303B038700ABA8A4 /* FinQTests */,
				444821E2303B038700ABA8A4 /* FinQUITests */,
			);
		};
/* End PBXProject section */

/* Begin PBXResourcesBuildPhase section */
		444821CA303B038500ABA8A4 /* Resources */ = {
			isa = PBXResourcesBuildPhase;
			buildActionMask = 2147483647;
			files = (
				444821F7303B057E00ABA8A4 /* .gitignore in Resources */,
			);
			runOnlyForDeploymentPostprocessing = 0;
		};
		444821D7303B038700ABA8A4 /* Resources */ = {
			isa = PBXResourcesBuildPhase;
			buildActionMask = 2147483647;
			files = (
			);
			runOnlyForDeploymentPostprocessing = 0;
		};
		444821E1303B038700ABA8A4 /* Resources */ = {
			isa = PBXResourcesBuildPhase;
			buildActionMask = 2147483647;
			files = (
			);
			runOnlyForDeploymentPostprocessing = 0;
		};
/* End PBXResourcesBuildPhase section */

/* Begin PBXSourcesBuildPhase section */
		444821C8303B038500ABA8A4 /* Sources */ = {
			isa = PBXSourcesBuildPhase;
			buildActionMask = 2147483647;
			files = (
			);
			runOnlyForDeploymentPostprocessing = 0;
		};
		444821D5303B038700ABA8A4 /* Sources */ = {
			isa = PBXSourcesBuildPhase;
			buildActionMask = 2147483647;
			files = (
			);
			runOnlyForDeploymentPostprocessing = 0;
		};
		444821DF303B038700ABA8A4 /* Sources */ = {
			isa = PBXSourcesBuildPhase;
			buildActionMask = 2147483647;
			files = (
			);
			runOnlyForDeploymentPostprocessing = 0;
		};
/* End PBXSourcesBuildPhase section */

/* Begin PBXTargetDependency section */
		444821DB303B038700ABA8A4 /* PBXTargetDependency */ = {
			isa = PBXTargetDependency;
			target = 444821CB303B038500ABA8A4 /* FinQ */;
			targetProxy = 444821DA303B038700ABA8A4 /* PBXContainerItemProxy */;
		};
		444821E5303B038700ABA8A4 /* PBXTargetDependency */ = {
			isa = PBXTargetDependency;
			target = 444821CB303B038500ABA8A4 /* FinQ */;
			targetProxy = 444821E4303B038700ABA8A4 /* PBXContainerItemProxy */;
		};
/* End PBXTargetDependency section */

/* Begin XCBuildConfiguration section */
		444821EB303B038700ABA8A4 /* Debug */ = {
			isa = XCBuildConfiguration;
			buildSettings = {
				ALWAYS_SEARCH_USER_PATHS = NO;
				ASSETCATALOG_COMPILER_GENERATE_SWIFT_ASSET_SYMBOL_EXTENSIONS = YES;
				CLANG_ANALYZER_NONNULL = YES;
				CLANG_ANALYZER_NUMBER_OBJECT_CONVERSION = YES_AGGRESSIVE;
				CLANG_CXX_LANGUAGE_STANDARD = "gnu++20";
				CLANG_ENABLE_MODULES = YES;
				CLANG_ENABLE_OBJC_ARC = YES;
				CLANG_ENABLE_OBJC_WEAK = YES;
				CLANG_WARN_BLOCK_CAPTURE_AUTORELEASING = YES;
				CLANG_WARN_BOOL_CONVERSION = YES;
				CLANG_WARN_COMMA = YES;
				CLANG_WARN_CONSTANT_CONVERSION = YES;
				CLANG_WARN_DEPRECATED_OBJC_IMPLEMENTATIONS = YES;
				CLANG_WARN_DIRECT_OBJC_ISA_USAGE = YES_ERROR;
				CLANG_WARN_DOCUMENTATION_COMMENTS = YES;
				CLANG_WARN_EMPTY_BODY = YES;
				CLANG_WARN_ENUM_CONVERSION = YES;
				CLANG_WARN_INFINITE_RECURSION = YES;
				CLANG_WARN_INT_CONVERSION = YES;
				CLANG_WARN_NON_LITERAL_NULL_CONVERSION = YES;
				CLANG_WARN_OBJC_IMPLICIT_RETAIN_SELF = YES;
				CLANG_WARN_OBJC_LITERAL_CONVERSION = YES;
				CLANG_WARN_OBJC_ROOT_CLASS = YES_ERROR;
				CLANG_WARN_QUOTED_INCLUDE_IN_FRAMEWORK_HEADER = YES;
				CLANG_WARN_RANGE_LOOP_ANALYSIS = YES;
				CLANG_WARN_STRICT_PROTOTYPES = YES;
				CLANG_WARN_SUSPICIOUS_MOVE = YES;
				CLANG_WARN_UNGUARDED_AVAILABILITY = YES_AGGRESSIVE;
				CLANG_WARN_UNREACHABLE_CODE = YES;
				CLANG_WARN__DUPLICATE_METHOD_MATCH = YES;
				COPY_PHASE_STRIP = NO;
				DEBUG_INFORMATION_FORMAT = dwarf;
				DEVELOPMENT_TEAM = 3PVV8DQPL6;
				ENABLE_STRICT_OBJC_MSGSEND = YES;
				ENABLE_TESTABILITY = YES;
				ENABLE_USER_SCRIPT_SANDBOXING = YES;
				GCC_C_LANGUAGE_STANDARD = gnu17;
				GCC_DYNAMIC_NO_PIC = NO;
				GCC_NO_COMMON_BLOCKS = YES;
				GCC_OPTIMIZATION_LEVEL = 0;
				GCC_PREPROCESSOR_DEFINITIONS = (
					"DEBUG=1",
					"$(inherited)",
				);
				GCC_WARN_64_TO_32_BIT_CONVERSION = YES;
				GCC_WARN_ABOUT_RETURN_TYPE = YES_ERROR;
				GCC_WARN_UNDECLARED_SELECTOR = YES;
				GCC_WARN_UNINITIALIZED_AUTOS = YES_AGGRESSIVE;
				GCC_WARN_UNUSED_FUNCTION = YES;
				GCC_WARN_UNUSED_VARIABLE = YES;
				IPHONEOS_DEPLOYMENT_TARGET = 18.6;
				LOCALIZATION_PREFERS_STRING_CATALOGS = YES;
				MTL_ENABLE_DEBUG_INFO = INCLUDE_SOURCE;
				MTL_FAST_MATH = YES;
				ONLY_ACTIVE_ARCH = YES;
				SDKROOT = iphoneos;
				SWIFT_ACTIVE_COMPILATION_CONDITIONS = "DEBUG $(inherited)";
				SWIFT_OPTIMIZATION_LEVEL = "-Onone";
			};
			name = Debug;
		};
		444821EC303B038700ABA8A4 /* Release */ = {
			isa = XCBuildConfiguration;
			buildSettings = {
				ALWAYS_SEARCH_USER_PATHS = NO;
				ASSETCATALOG_COMPILER_GENERATE_SWIFT_ASSET_SYMBOL_EXTENSIONS = YES;
				CLANG_ANALYZER_NONNULL = YES;
				CLANG_ANALYZER_NUMBER_OBJECT_CONVERSION = YES_AGGRESSIVE;
				CLANG_CXX_LANGUAGE_STANDARD = "gnu++20";
				CLANG_ENABLE_MODULES = YES;
				CLANG_ENABLE_OBJC_ARC = YES;
				CLANG_ENABLE_OBJC_WEAK = YES;
				CLANG_WARN_BLOCK_CAPTURE_AUTORELEASING = YES;
				CLANG_WARN_BOOL_CONVERSION = YES;
				CLANG_WARN_COMMA = YES;
				CLANG_WARN_CONSTANT_CONVERSION = YES;
				CLANG_WARN_DEPRECATED_OBJC_IMPLEMENTATIONS = YES;
				CLANG_WARN_DIRECT_OBJC_ISA_USAGE = YES_ERROR;
				CLANG_WARN_DOCUMENTATION_COMMENTS = YES;
				CLANG_WARN_EMPTY_BODY = YES;
				CLANG_WARN_ENUM_CONVERSION = YES;
				CLANG_WARN_INFINITE_RECURSION = YES;
				CLANG_WARN_INT_CONVERSION = YES;
				CLANG_WARN_NON_LITERAL_NULL_CONVERSION = YES;
				CLANG_WARN_OBJC_IMPLICIT_RETAIN_SELF = YES;
				CLANG_WARN_OBJC_LITERAL_CONVERSION = YES;
				CLANG_WARN_OBJC_ROOT_CLASS = YES_ERROR;
				CLANG_WARN_QUOTED_INCLUDE_IN_FRAMEWORK_HEADER = YES;
				CLANG_WARN_RANGE_LOOP_ANALYSIS = YES;
				CLANG_WARN_STRICT_PROTOTYPES = YES;
				CLANG_WARN_SUSPICIOUS_MOVE = YES;
				CLANG_WARN_UNGUARDED_AVAILABILITY = YES_AGGRESSIVE;
				CLANG_WARN_UNREACHABLE_CODE = YES;
				CLANG_WARN__DUPLICATE_METHOD_MATCH = YES;
				COPY_PHASE_STRIP = NO;
				DEBUG_INFORMATION_FORMAT = "dwarf-with-dsym";
				DEVELOPMENT_TEAM = 3PVV8DQPL6;
				ENABLE_NS_ASSERTIONS = NO;
				ENABLE_STRICT_OBJC_MSGSEND = YES;
				ENABLE_USER_SCRIPT_SANDBOXING = YES;
				GCC_C_LANGUAGE_STANDARD = gnu17;
				GCC_NO_COMMON_BLOCKS = YES;
				GCC_WARN_64_TO_32_BIT_CONVERSION = YES;
				GCC_WARN_ABOUT_RETURN_TYPE = YES_ERROR;
				GCC_WARN_UNDECLARED_SELECTOR = YES;
				GCC_WARN_UNINITIALIZED_AUTOS = YES_AGGRESSIVE;
				GCC_WARN_UNUSED_FUNCTION = YES;
				GCC_WARN_UNUSED_VARIABLE = YES;
				IPHONEOS_DEPLOYMENT_TARGET = 18.6;
				LOCALIZATION_PREFERS_STRING_CATALOGS = YES;
				MTL_ENABLE_DEBUG_INFO = NO;
				MTL_FAST_MATH = YES;
				SDKROOT = iphoneos;
				SWIFT_COMPILATION_MODE = wholemodule;
				VALIDATE_PRODUCT = YES;
			};
			name = Release;
		};
		444821EE303B038700ABA8A4 /* Debug */ = {
			isa = XCBuildConfiguration;
			buildSettings = {
				ASSETCATALOG_COMPILER_APPICON_NAME = AppIcon;
				ASSETCATALOG_COMPILER_GLOBAL_ACCENT_COLOR_NAME = AccentColor;
				CODE_SIGN_ENTITLEMENTS = FinQ/FinQ.entitlements;
				CODE_SIGN_STYLE = Automatic;
				CURRENT_PROJECT_VERSION = 1;
				DEVELOPMENT_TEAM = 3PVV8DQPL6;
				ENABLE_PREVIEWS = YES;
				GENERATE_INFOPLIST_FILE = YES;
				INFOPLIST_FILE = FinQ/Info.plist;
				INFOPLIST_KEY_CFBundleDisplayName = FinQ;
				INFOPLIST_KEY_UIApplicationSceneManifest_Generation = YES;
				INFOPLIST_KEY_UIApplicationSupportsIndirectInputEvents = YES;
				INFOPLIST_KEY_UILaunchScreen_Generation = YES;
				INFOPLIST_KEY_UISupportedInterfaceOrientations = UIInterfaceOrientationPortrait;
				INFOPLIST_KEY_UISupportedInterfaceOrientations_iPad = UIInterfaceOrientationPortrait;
				IPHONEOS_DEPLOYMENT_TARGET = 18;
				LD_RUNPATH_SEARCH_PATHS = (
					"$(inherited)",
					"@executable_path/Frameworks",
				);
				MARKETING_VERSION = 1.0;
				PRODUCT_BUNDLE_IDENTIFIER = com.daeyunkwon.FinQ;
				PRODUCT_NAME = "$(TARGET_NAME)";
				STRING_CATALOG_GENERATE_SYMBOLS = YES;
				SWIFT_APPROACHABLE_CONCURRENCY = YES;
				SWIFT_DEFAULT_ACTOR_ISOLATION = nonisolated;
				SWIFT_EMIT_LOC_STRINGS = YES;
				SWIFT_UPCOMING_FEATURE_MEMBER_IMPORT_VISIBILITY = YES;
				SWIFT_VERSION = 6.0;
				TARGETED_DEVICE_FAMILY = 1;
			};
			name = Debug;
		};
		444821EF303B038700ABA8A4 /* Release */ = {
			isa = XCBuildConfiguration;
			buildSettings = {
				ASSETCATALOG_COMPILER_APPICON_NAME = AppIcon;
				ASSETCATALOG_COMPILER_GLOBAL_ACCENT_COLOR_NAME = AccentColor;
				CODE_SIGN_ENTITLEMENTS = FinQ/FinQ.entitlements;
				CODE_SIGN_STYLE = Automatic;
				CURRENT_PROJECT_VERSION = 1;
				DEVELOPMENT_TEAM = 3PVV8DQPL6;
				ENABLE_PREVIEWS = YES;
				GENERATE_INFOPLIST_FILE = YES;
				INFOPLIST_FILE = FinQ/Info.plist;
				INFOPLIST_KEY_CFBundleDisplayName = FinQ;
				INFOPLIST_KEY_UIApplicationSceneManifest_Generation = YES;
				INFOPLIST_KEY_UIApplicationSupportsIndirectInputEvents = YES;
				INFOPLIST_KEY_UILaunchScreen_Generation = YES;
				INFOPLIST_KEY_UISupportedInterfaceOrientations = UIInterfaceOrientationPortrait;
				INFOPLIST_KEY_UISupportedInterfaceOrientations_iPad = UIInterfaceOrientationPortrait;
				IPHONEOS_DEPLOYMENT_TARGET = 18;
				LD_RUNPATH_SEARCH_PATHS = (
					"$(inherited)",
					"@executable_path/Frameworks",
				);
				MARKETING_VERSION = 1.0;
				PRODUCT_BUNDLE_IDENTIFIER = com.daeyunkwon.FinQ;
				PRODUCT_NAME = "$(TARGET_NAME)";
				STRING_CATALOG_GENERATE_SYMBOLS = YES;
				SWIFT_APPROACHABLE_CONCURRENCY = YES;
				SWIFT_DEFAULT_ACTOR_ISOLATION = nonisolated;
				SWIFT_EMIT_LOC_STRINGS = YES;
				SWIFT_UPCOMING_FEATURE_MEMBER_IMPORT_VISIBILITY = YES;
				SWIFT_VERSION = 6.0;
				TARGETED_DEVICE_FAMILY = 1;
			};
			name = Release;
		};
		444821F1303B038700ABA8A4 /* Debug */ = {
			isa = XCBuildConfiguration;
			buildSettings = {
				BUNDLE_LOADER = "$(TEST_HOST)";
				CODE_SIGN_STYLE = Automatic;
				CURRENT_PROJECT_VERSION = 1;
				DEVELOPMENT_TEAM = 3PVV8DQPL6;
				GENERATE_INFOPLIST_FILE = YES;
				IPHONEOS_DEPLOYMENT_TARGET = 18;
				MARKETING_VERSION = 1.0;
				PRODUCT_BUNDLE_IDENTIFIER = com.daeyunkwon.FinQTests;
				PRODUCT_NAME = "$(TARGET_NAME)";
				STRING_CATALOG_GENERATE_SYMBOLS = NO;
				SWIFT_APPROACHABLE_CONCURRENCY = YES;
				SWIFT_EMIT_LOC_STRINGS = NO;
				SWIFT_UPCOMING_FEATURE_MEMBER_IMPORT_VISIBILITY = YES;
				SWIFT_VERSION = 6.0;
				TARGETED_DEVICE_FAMILY = "1,2";
				TEST_HOST = "$(BUILT_PRODUCTS_DIR)/FinQ.app/$(BUNDLE_EXECUTABLE_FOLDER_PATH)/FinQ";
			};
			name = Debug;
		};
		444821F2303B038700ABA8A4 /* Release */ = {
			isa = XCBuildConfiguration;
			buildSettings = {
				BUNDLE_LOADER = "$(TEST_HOST)";
				CODE_SIGN_STYLE = Automatic;
				CURRENT_PROJECT_VERSION = 1;
				DEVELOPMENT_TEAM = 3PVV8DQPL6;
				GENERATE_INFOPLIST_FILE = YES;
				IPHONEOS_DEPLOYMENT_TARGET = 18;
				MARKETING_VERSION = 1.0;
				PRODUCT_BUNDLE_IDENTIFIER = com.daeyunkwon.FinQTests;
				PRODUCT_NAME = "$(TARGET_NAME)";
				STRING_CATALOG_GENERATE_SYMBOLS = NO;
				SWIFT_APPROACHABLE_CONCURRENCY = YES;
				SWIFT_EMIT_LOC_STRINGS = NO;
				SWIFT_UPCOMING_FEATURE_MEMBER_IMPORT_VISIBILITY = YES;
				SWIFT_VERSION = 6.0;
				TARGETED_DEVICE_FAMILY = "1,2";
				TEST_HOST = "$(BUILT_PRODUCTS_DIR)/FinQ.app/$(BUNDLE_EXECUTABLE_FOLDER_PATH)/FinQ";
			};
			name = Release;
		};
		444821F4303B038700ABA8A4 /* Debug */ = {
			isa = XCBuildConfiguration;
			buildSettings = {
				CODE_SIGN_STYLE = Automatic;
				CURRENT_PROJECT_VERSION = 1;
				DEVELOPMENT_TEAM = 3PVV8DQPL6;
				GENERATE_INFOPLIST_FILE = YES;
				IPHONEOS_DEPLOYMENT_TARGET = 18;
				MARKETING_VERSION = 1.0;
				PRODUCT_BUNDLE_IDENTIFIER = com.daeyunkwon.FinQUITests;
				PRODUCT_NAME = "$(TARGET_NAME)";
				STRING_CATALOG_GENERATE_SYMBOLS = NO;
				SWIFT_APPROACHABLE_CONCURRENCY = YES;
				SWIFT_EMIT_LOC_STRINGS = NO;
				SWIFT_UPCOMING_FEATURE_MEMBER_IMPORT_VISIBILITY = YES;
				SWIFT_VERSION = 6.0;
				TARGETED_DEVICE_FAMILY = "1,2";
				TEST_TARGET_NAME = FinQ;
			};
			name = Debug;
		};
		444821F5303B038700ABA8A4 /* Release */ = {
			isa = XCBuildConfiguration;
			buildSettings = {
				CODE_SIGN_STYLE = Automatic;
				CURRENT_PROJECT_VERSION = 1;
				DEVELOPMENT_TEAM = 3PVV8DQPL6;
				GENERATE_INFOPLIST_FILE = YES;
				IPHONEOS_DEPLOYMENT_TARGET = 18;
				MARKETING_VERSION = 1.0;
				PRODUCT_BUNDLE_IDENTIFIER = com.daeyunkwon.FinQUITests;
				PRODUCT_NAME = "$(TARGET_NAME)";
				STRING_CATALOG_GENERATE_SYMBOLS = NO;
				SWIFT_APPROACHABLE_CONCURRENCY = YES;
				SWIFT_EMIT_LOC_STRINGS = NO;
				SWIFT_UPCOMING_FEATURE_MEMBER_IMPORT_VISIBILITY = YES;
				SWIFT_VERSION = 6.0;
				TARGETED_DEVICE_FAMILY = "1,2";
				TEST_TARGET_NAME = FinQ;
			};
			name = Release;
		};
/* End XCBuildConfiguration section */

/* Begin XCConfigurationList section */
		444821C7303B038500ABA8A4 /* Build configuration list for PBXProject "FinQ" */ = {
			isa = XCConfigurationList;
			buildConfigurations = (
				444821EB303B038700ABA8A4 /* Debug */,
				444821EC303B038700ABA8A4 /* Release */,
			);
			defaultConfigurationIsVisible = 0;
			defaultConfigurationName = Release;
		};
		444821ED303B038700ABA8A4 /* Build configuration list for PBXNativeTarget "FinQ" */ = {
			isa = XCConfigurationList;
			buildConfigurations = (
				444821EE303B038700ABA8A4 /* Debug */,
				444821EF303B038700ABA8A4 /* Release */,
			);
			defaultConfigurationIsVisible = 0;
			defaultConfigurationName = Release;
		};
		444821F0303B038700ABA8A4 /* Build configuration list for PBXNativeTarget "FinQTests" */ = {
			isa = XCConfigurationList;
			buildConfigurations = (
				444821F1303B038700ABA8A4 /* Debug */,
				444821F2303B038700ABA8A4 /* Release */,
			);
			defaultConfigurationIsVisible = 0;
			defaultConfigurationName = Release;
		};
		444821F3303B038700ABA8A4 /* Build configuration list for PBXNativeTarget "FinQUITests" */ = {
			isa = XCConfigurationList;
			buildConfigurations = (
				444821F4303B038700ABA8A4 /* Debug */,
				444821F5303B038700ABA8A4 /* Release */,
			);
			defaultConfigurationIsVisible = 0;
			defaultConfigurationName = Release;
		};
/* End XCConfigurationList section */

/* Begin XCRemoteSwiftPackageReference section */
		444822AB303B17E100ABA8A4 /* XCRemoteSwiftPackageReference "firebase-ios-sdk" */ = {
			isa = XCRemoteSwiftPackageReference;
			repositoryURL = "https://github.com/firebase/firebase-ios-sdk";
			requirement = {
				kind = upToNextMajorVersion;
				minimumVersion = 12.18.0;
			};
		};
		4450A8D03040607E000808D2 /* XCRemoteSwiftPackageReference "swift-composable-architecture" */ = {
			isa = XCRemoteSwiftPackageReference;
			repositoryURL = "https://github.com/pointfreeco/swift-composable-architecture.git";
			requirement = {
				kind = upToNextMajorVersion;
				minimumVersion = 1.26.1;
			};
			traits = (
			);
		};
		4450A8D330406098000808D2 /* XCRemoteSwiftPackageReference "Alamofire" */ = {
			isa = XCRemoteSwiftPackageReference;
			repositoryURL = "https://github.com/Alamofire/Alamofire.git";
			requirement = {
				kind = upToNextMajorVersion;
				minimumVersion = 5.12.0;
			};
		};
/* End XCRemoteSwiftPackageReference section */

/* Begin XCSwiftPackageProductDependency section */
		444822AC303B17E100ABA8A4 /* FirebaseAnalytics */ = {
			isa = XCSwiftPackageProductDependency;
			package = 444822AB303B17E100ABA8A4 /* XCRemoteSwiftPackageReference "firebase-ios-sdk" */;
			productName = FirebaseAnalytics;
		};
		444822AE303B17E100ABA8A4 /* FirebaseAnalyticsCore */ = {
			isa = XCSwiftPackageProductDependency;
			package = 444822AB303B17E100ABA8A4 /* XCRemoteSwiftPackageReference "firebase-ios-sdk" */;
			productName = FirebaseAnalyticsCore;
		};
		444822B0303B17E100ABA8A4 /* FirebaseAnalyticsIdentitySupport */ = {
			isa = XCSwiftPackageProductDependency;
			package = 444822AB303B17E100ABA8A4 /* XCRemoteSwiftPackageReference "firebase-ios-sdk" */;
			productName = FirebaseAnalyticsIdentitySupport;
		};
		444822B2303B17E100ABA8A4 /* FirebaseCore */ = {
			isa = XCSwiftPackageProductDependency;
			package = 444822AB303B17E100ABA8A4 /* XCRemoteSwiftPackageReference "firebase-ios-sdk" */;
			productName = FirebaseCore;
		};
		444822B4303B17E100ABA8A4 /* FirebaseCrashlytics */ = {
			isa = XCSwiftPackageProductDependency;
			package = 444822AB303B17E100ABA8A4 /* XCRemoteSwiftPackageReference "firebase-ios-sdk" */;
			productName = FirebaseCrashlytics;
		};
		444822B6303B17E100ABA8A4 /* FirebaseMessaging */ = {
			isa = XCSwiftPackageProductDependency;
			package = 444822AB303B17E100ABA8A4 /* XCRemoteSwiftPackageReference "firebase-ios-sdk" */;
			productName = FirebaseMessaging;
		};
		4450A8D13040607E000808D2 /* ComposableArchitecture */ = {
			isa = XCSwiftPackageProductDependency;
			package = 4450A8D03040607E000808D2 /* XCRemoteSwiftPackageReference "swift-composable-architecture" */;
			productName = ComposableArchitecture;
		};
		4450A8D430406098000808D2 /* Alamofire */ = {
			isa = XCSwiftPackageProductDependency;
			package = 4450A8D330406098000808D2 /* XCRemoteSwiftPackageReference "Alamofire" */;
			productName = Alamofire;
		};
/* End XCSwiftPackageProductDependency section */
	};
	rootObject = 444821C4303B038500ABA8A4 /* Project object */;
}
